
Microsoft Visual Studio Solution File, Format Version 12.00
# Visual Studio Version 17
VisualStudioVersion = 17.9.34728.123
MinimumVisualStudioVersion = 10.0.40219.1
Project("{FAE04EC0-301F-11D3-BF4B-00C04F79EFBC}") = "OPDL-ex01", "OPDL-ex01\OPDL-ex01.csproj", "{57593243-0101-4F6E-B02C-BAC61BF51F32}"
EndProject
Global
	GlobalSection(SolutionConfigurationPlatforms) = preSolution
		Debug|Any CPU = Debug|Any CPU
		Release|Any CPU = Release|Any CPU
	EndGlobalSection
	GlobalSection(ProjectConfigurationPlatforms) = postSolution
		{57593243-0101-4F6E-B02C-BAC61BF51F32}.Debug|Any CPU.ActiveCfg = Debug|Any CPU
		{57593243-0101-4F6E-B02C-BAC61BF51F32}.Debug|Any CPU.Build.0 = Debug|Any CPU
		{57593243-0101-4F6E-B02C-BAC61BF51F32}.Release|Any CPU.ActiveCfg = Release|Any CPU
		{57593243-0101-4F6E-B02C-BAC61BF51F32}.Release|Any CPU.Build.0 = Release|Any CPU
	EndGlobalSection
	GlobalSection(SolutionProperties) = preSolution
		HideSolutionNode = FALSE
	EndGlobalSection
	GlobalSection(ExtensibilityGlobals) = postSolution
		SolutionGuid = {1C715C98-C8D6-41F9-8ED8-13B29D04490F}
	EndGlobalSection
EndGlobal
