
Microsoft Visual Studio Solution File, Format Version 12.00
# Visual Studio Version 17
VisualStudioVersion = 17.9.34728.123
MinimumVisualStudioVersion = 10.0.40219.1
Project("{FAE04EC0-301F-11D3-BF4B-00C04F79EFBC}") = "OPDL-ex05", "OPDL-ex05\OPDL-ex05.csproj", "{3DD42328-7186-4DF5-B64B-F6C489657C57}"
EndProject
Global
	GlobalSection(SolutionConfigurationPlatforms) = preSolution
		Debug|Any CPU = Debug|Any CPU
		Release|Any CPU = Release|Any CPU
	EndGlobalSection
	GlobalSection(ProjectConfigurationPlatforms) = postSolution
		{3DD42328-7186-4DF5-B64B-F6C489657C57}.Debug|Any CPU.ActiveCfg = Debug|Any CPU
		{3DD42328-7186-4DF5-B64B-F6C489657C57}.Debug|Any CPU.Build.0 = Debug|Any CPU
		{3DD42328-7186-4DF5-B64B-F6C489657C57}.Release|Any CPU.ActiveCfg = Release|Any CPU
		{3DD42328-7186-4DF5-B64B-F6C489657C57}.Release|Any CPU.Build.0 = Release|Any CPU
	EndGlobalSection
	GlobalSection(SolutionProperties) = preSolution
		HideSolutionNode = FALSE
	EndGlobalSection
	GlobalSection(ExtensibilityGlobals) = postSolution
		SolutionGuid = {28C190B5-03AF-40AF-B41A-EC3C10C3CF7C}
	EndGlobalSection
EndGlobal
