
Microsoft Visual Studio Solution File, Format Version 12.00
# Visual Studio Version 17
VisualStudioVersion = 17.9.34728.123
MinimumVisualStudioVersion = 10.0.40219.1
Project("{FAE04EC0-301F-11D3-BF4B-00C04F79EFBC}") = "OPDL-ex11", "OPDL-ex11\OPDL-ex11.csproj", "{C81D1B8E-D5C8-4E8C-8303-3313C14ED42B}"
EndProject
Global
	GlobalSection(SolutionConfigurationPlatforms) = preSolution
		Debug|Any CPU = Debug|Any CPU
		Release|Any CPU = Release|Any CPU
	EndGlobalSection
	GlobalSection(ProjectConfigurationPlatforms) = postSolution
		{C81D1B8E-D5C8-4E8C-8303-3313C14ED42B}.Debug|Any CPU.ActiveCfg = Debug|Any CPU
		{C81D1B8E-D5C8-4E8C-8303-3313C14ED42B}.Debug|Any CPU.Build.0 = Debug|Any CPU
		{C81D1B8E-D5C8-4E8C-8303-3313C14ED42B}.Release|Any CPU.ActiveCfg = Release|Any CPU
		{C81D1B8E-D5C8-4E8C-8303-3313C14ED42B}.Release|Any CPU.Build.0 = Release|Any CPU
	EndGlobalSection
	GlobalSection(SolutionProperties) = preSolution
		HideSolutionNode = FALSE
	EndGlobalSection
	GlobalSection(ExtensibilityGlobals) = postSolution
		SolutionGuid = {1E20B8EB-EAEB-426F-9940-0F6CE2EC1EBB}
	EndGlobalSection
EndGlobal
