
Microsoft Visual Studio Solution File, Format Version 12.00
# Visual Studio Version 17
VisualStudioVersion = 17.9.34728.123
MinimumVisualStudioVersion = 10.0.40219.1
Project("{FAE04EC0-301F-11D3-BF4B-00C04F79EFBC}") = "OPDL-ex03", "OPDL-ex03\OPDL-ex03.csproj", "{1A968602-DEF1-458D-B639-3C2A37E31C8C}"
EndProject
Global
	GlobalSection(SolutionConfigurationPlatforms) = preSolution
		Debug|Any CPU = Debug|Any CPU
		Release|Any CPU = Release|Any CPU
	EndGlobalSection
	GlobalSection(ProjectConfigurationPlatforms) = postSolution
		{1A968602-DEF1-458D-B639-3C2A37E31C8C}.Debug|Any CPU.ActiveCfg = Debug|Any CPU
		{1A968602-DEF1-458D-B639-3C2A37E31C8C}.Debug|Any CPU.Build.0 = Debug|Any CPU
		{1A968602-DEF1-458D-B639-3C2A37E31C8C}.Release|Any CPU.ActiveCfg = Release|Any CPU
		{1A968602-DEF1-458D-B639-3C2A37E31C8C}.Release|Any CPU.Build.0 = Release|Any CPU
	EndGlobalSection
	GlobalSection(SolutionProperties) = preSolution
		HideSolutionNode = FALSE
	EndGlobalSection
	GlobalSection(ExtensibilityGlobals) = postSolution
		SolutionGuid = {E83355EA-FD10-47A0-8A79-E7977F91B708}
	EndGlobalSection
EndGlobal
